
Microsoft Visual Studio Solution File, Format Version 12.00
# Visual Studio Version 16
VisualStudioVersion = 16.0.31105.61
MinimumVisualStudioVersion = 10.0.40219.1
Project("{FAE04EC0-301F-11D3-BF4B-00C04F79EFBC}") = "SchoolWebAuth", "SchoolWebAuth\SchoolWebAuth.csproj", "{D5BC2461-09B3-4079-8105-2909543925D2}"
EndProject
Global
	GlobalSection(SolutionConfigurationPlatforms) = preSolution
		Debug|Any CPU = Debug|Any CPU
		Release|Any CPU = Release|Any CPU
	EndGlobalSection
	GlobalSection(ProjectConfigurationPlatforms) = postSolution
		{D5BC2461-09B3-4079-8105-2909543925D2}.Debug|Any CPU.ActiveCfg = Debug|Any CPU
		{D5BC2461-09B3-4079-8105-2909543925D2}.Debug|Any CPU.Build.0 = Debug|Any CPU
		{D5BC2461-09B3-4079-8105-2909543925D2}.Release|Any CPU.ActiveCfg = Release|Any CPU
		{D5BC2461-09B3-4079-8105-2909543925D2}.Release|Any CPU.Build.0 = Release|Any CPU
	EndGlobalSection
	GlobalSection(SolutionProperties) = preSolution
		HideSolutionNode = FALSE
	EndGlobalSection
	GlobalSection(ExtensibilityGlobals) = postSolution
		SolutionGuid = {4FA4F671-D2F3-48B3-AB8E-EB0653084829}
	EndGlobalSection
EndGlobal
